// !$*UTF8*$!
{
	archiveVersion = 1;
	classes = {
	};
	objectVersion = 56;
	objects = {

/* Begin PBXBuildFile section */
		E590717E2906F0F80076E267 /* NewRestaurantViewController.swift in Sources */ = {isa = PBXBuildFile; fileRef = E590717D2906F0F80076E267 /* NewRestaurantViewController.swift */; };
		E5DDD1592903EF4700ABFFE0 /* AppDelegate.swift in Sources */ = {isa = PBXBuildFile; fileRef = E5DDD1582903EF4700ABFFE0 /* AppDelegate.swift */; };
		E5DDD15B2903EF4700ABFFE0 /* SceneDelegate.swift in Sources */ = {isa = PBXBuildFile; fileRef = E5DDD15A2903EF4700ABFFE0 /* SceneDelegate.swift */; };
		E5DDD15D2903EF4700ABFFE0 /* ViewController.swift in Sources */ = {isa = PBXBuildFile; fileRef = E5DDD15C2903EF4700ABFFE0 /* ViewController.swift */; };
		E5DDD1622903EF4900ABFFE0 /* Assets.xcassets in Resources */ = {isa = PBXBuildFile; fileRef = E5DDD1612903EF4900ABFFE0 /* Assets.xcassets */; };
		E5DDD1652903EF4900ABFFE0 /* LaunchScreen.storyboard in Resources */ = {isa = PBXBuildFile; fileRef = E5DDD1632903EF4900ABFFE0 /* LaunchScreen.storyboard */; };
		E5DDD16F2903F4E300ABFFE0 /* Restaurant.storyboard in Resources */ = {isa = PBXBuildFile; fileRef = E5DDD16E2903F4E300ABFFE0 /* Restaurant.storyboard */; };
		E5DDD1712903F52800ABFFE0 /* RestaurantListViewController.swift in Sources */ = {isa = PBXBuildFile; fileRef = E5DDD1702903F52800ABFFE0 /* RestaurantListViewController.swift */; };
		E5DDD1732903F66200ABFFE0 /* Main.storyboard in Resources */ = {isa = PBXBuildFile; fileRef = E5DDD1722903F66200ABFFE0 /* Main.storyboard */; };
		E5DDD1752903FDE300ABFFE0 /* RestaurantViewCell.swift in Sources */ = {isa = PBXBuildFile; fileRef = E5DDD1742903FDE300ABFFE0 /* RestaurantViewCell.swift */; };
		E5DDD1772904025E00ABFFE0 /* RestaurantViewModel.swift in Sources */ = {isa = PBXBuildFile; fileRef = E5DDD1762904025E00ABFFE0 /* RestaurantViewModel.swift */; };
		E5DDD17A290402E300ABFFE0 /* Restaurant.swift in Sources */ = {isa = PBXBuildFile; fileRef = E5DDD179290402E300ABFFE0 /* Restaurant.swift */; };
		E5DDD17C29041AC000ABFFE0 /* RestaurantDetailViewController.swift in Sources */ = {isa = PBXBuildFile; fileRef = E5DDD17B29041AC000ABFFE0 /* RestaurantDetailViewController.swift */; };
/* End PBXBuildFile section */

/* Begin PBXFileReference section */
		E590717D2906F0F80076E267 /* NewRestaurantViewController.swift */ = {isa = PBXFileReference; lastKnownFileType = sourcecode.swift; path = NewRestaurantViewController.swift; sourceTree = "<group>"; };
		E5DDD1552903EF4700ABFFE0 /* FoodPin.app */ = {isa = PBXFileReference; explicitFileType = wrapper.application; includeInIndex = 0; path = FoodPin.app; sourceTree = BUILT_PRODUCTS_DIR; };
		E5DDD1582903EF4700ABFFE0 /* AppDelegate.swift */ = {isa = PBXFileReference; lastKnownFileType = sourcecode.swift; path = AppDelegate.swift; sourceTree = "<group>"; };
		E5DDD15A2903EF4700ABFFE0 /* SceneDelegate.swift */ = {isa = PBXFileReference; lastKnownFileType = sourcecode.swift; path = SceneDelegate.swift; sourceTree = "<group>"; };
		E5DDD15C2903EF4700ABFFE0 /* ViewController.swift */ = {isa = PBXFileReference; lastKnownFileType = sourcecode.swift; path = ViewController.swift; sourceTree = "<group>"; };
		E5DDD1612903EF4900ABFFE0 /* Assets.xcassets */ = {isa = PBXFileReference; lastKnownFileType = folder.assetcatalog; path = Assets.xcassets; sourceTree = "<group>"; };
		E5DDD1642903EF4900ABFFE0 /* Base */ = {isa = PBXFileReference; lastKnownFileType = file.storyboard; name = Base; path = Base.lproj/LaunchScreen.storyboard; sourceTree = "<group>"; };
		E5DDD1662903EF4900ABFFE0 /* Info.plist */ = {isa = PBXFileReference; lastKnownFileType = text.plist.xml; path = Info.plist; sourceTree = "<group>"; };
		E5DDD16E2903F4E300ABFFE0 /* Restaurant.storyboard */ = {isa = PBXFileReference; lastKnownFileType = file.storyboard; path = Restaurant.storyboard; sourceTree = "<group>"; };
		E5DDD1702903F52800ABFFE0 /* RestaurantListViewController.swift */ = {isa = PBXFileReference; lastKnownFileType = sourcecode.swift; path = RestaurantListViewController.swift; sourceTree = "<group>"; };
		E5DDD1722903F66200ABFFE0 /* Main.storyboard */ = {isa = PBXFileReference; lastKnownFileType = file.storyboard; path = Main.storyboard; sourceTree = "<group>"; };
		E5DDD1742903FDE300ABFFE0 /* RestaurantViewCell.swift */ = {isa = PBXFileReference; lastKnownFileType = sourcecode.swift; path = RestaurantViewCell.swift; sourceTree = "<group>"; };
		E5DDD1762904025E00ABFFE0 /* RestaurantViewModel.swift */ = {isa = PBXFileReference; lastKnownFileType = sourcecode.swift; path = RestaurantViewModel.swift; sourceTree = "<group>"; };
		E5DDD179290402E300ABFFE0 /* Restaurant.swift */ = {isa = PBXFileReference; lastKnownFileType = sourcecode.swift; path = Restaurant.swift; sourceTree = "<group>"; };
		E5DDD17B29041AC000ABFFE0 /* RestaurantDetailViewController.swift */ = {isa = PBXFileReference; lastKnownFileType = sourcecode.swift; path = RestaurantDetailViewController.swift; sourceTree = "<group>"; };
/* End PBXFileReference section */

/* Begin PBXFrameworksBuildPhase section */
		E5DDD1522903EF4700ABFFE0 /* Frameworks */ = {
			isa = PBXFrameworksBuildPhase;
			buildActionMask = 2147483647;
			files = (
			);
			runOnlyForDeploymentPostprocessing = 0;
		};
/* End PBXFrameworksBuildPhase section */

/* Begin PBXGroup section */
		E5DDD14C2903EF4700ABFFE0 = {
			isa = PBXGroup;
			children = (
				E5DDD1572903EF4700ABFFE0 /* FoodPin */,
				E5DDD1562903EF4700ABFFE0 /* Products */,
			);
			sourceTree = "<group>";
		};
		E5DDD1562903EF4700ABFFE0 /* Products */ = {
			isa = PBXGroup;
			children = (
				E5DDD1552903EF4700ABFFE0 /* FoodPin.app */,
			);
			name = Products;
			sourceTree = "<group>";
		};
		E5DDD1572903EF4700ABFFE0 /* FoodPin */ = {
			isa = PBXGroup;
			children = (
				E5DDD178290402CE00ABFFE0 /* Models */,
				E5DDD16C2903F48200ABFFE0 /* Modules */,
				E5DDD1582903EF4700ABFFE0 /* AppDelegate.swift */,
				E5DDD15A2903EF4700ABFFE0 /* SceneDelegate.swift */,
				E5DDD15C2903EF4700ABFFE0 /* ViewController.swift */,
				E5DDD1612903EF4900ABFFE0 /* Assets.xcassets */,
				E5DDD1722903F66200ABFFE0 /* Main.storyboard */,
				E5DDD1632903EF4900ABFFE0 /* LaunchScreen.storyboard */,
				E5DDD1662903EF4900ABFFE0 /* Info.plist */,
			);
			path = FoodPin;
			sourceTree = "<group>";
		};
		E5DDD16C2903F48200ABFFE0 /* Modules */ = {
			isa = PBXGroup;
			children = (
				E5DDD16D2903F48E00ABFFE0 /* Restaurant */,
			);
			path = Modules;
			sourceTree = "<group>";
		};
		E5DDD16D2903F48E00ABFFE0 /* Restaurant */ = {
			isa = PBXGroup;
			children = (
				E5DDD16E2903F4E300ABFFE0 /* Restaurant.storyboard */,
				E5DDD1702903F52800ABFFE0 /* RestaurantListViewController.swift */,
				E5DDD1742903FDE300ABFFE0 /* RestaurantViewCell.swift */,
				E5DDD1762904025E00ABFFE0 /* RestaurantViewModel.swift */,
				E5DDD17B29041AC000ABFFE0 /* RestaurantDetailViewController.swift */,
				E590717D2906F0F80076E267 /* NewRestaurantViewController.swift */,
			);
			path = Restaurant;
			sourceTree = "<group>";
		};
		E5DDD178290402CE00ABFFE0 /* Models */ = {
			isa = PBXGroup;
			children = (
				E5DDD179290402E300ABFFE0 /* Restaurant.swift */,
			);
			path = Models;
			sourceTree = "<group>";
		};
/* End PBXGroup section */

/* Begin PBXNativeTarget section */
		E5DDD1542903EF4700ABFFE0 /* FoodPin */ = {
			isa = PBXNativeTarget;
			buildConfigurationList = E5DDD1692903EF4900ABFFE0 /* Build configuration list for PBXNativeTarget "FoodPin" */;
			buildPhases = (
				E5DDD1512903EF4700ABFFE0 /* Sources */,
				E5DDD1522903EF4700ABFFE0 /* Frameworks */,
				E5DDD1532903EF4700ABFFE0 /* Resources */,
			);
			buildRules = (
			);
			dependencies = (
			);
			name = FoodPin;
			productName = FoodPin;
			productReference = E5DDD1552903EF4700ABFFE0 /* FoodPin.app */;
			productType = "com.apple.product-type.application";
		};
/* End PBXNativeTarget section */

/* Begin PBXProject section */
		E5DDD14D2903EF4700ABFFE0 /* Project object */ = {
			isa = PBXProject;
			attributes = {
				BuildIndependentTargetsInParallel = 1;
				LastSwiftUpdateCheck = 1400;
				LastUpgradeCheck = 1400;
				TargetAttributes = {
					E5DDD1542903EF4700ABFFE0 = {
						CreatedOnToolsVersion = 14.0.1;
					};
				};
			};
			buildConfigurationList = E5DDD1502903EF4700ABFFE0 /* Build configuration list for PBXProject "FoodPin" */;
			compatibilityVersion = "Xcode 14.0";
			developmentRegion = en;
			hasScannedForEncodings = 0;
			knownRegions = (
				en,
				Base,
			);
			mainGroup = E5DDD14C2903EF4700ABFFE0;
			productRefGroup = E5DDD1562903EF4700ABFFE0 /* Products */;
			projectDirPath = "";
			projectRoot = "";
			targets = (
				E5DDD1542903EF4700ABFFE0 /* FoodPin */,
			);
		};
/* End PBXProject section */

/* Begin PBXResourcesBuildPhase section */
		E5DDD1532903EF4700ABFFE0 /* Resources */ = {
			isa = PBXResourcesBuildPhase;
			buildActionMask = 2147483647;
			files = (
				E5DDD1652903EF4900ABFFE0 /* LaunchScreen.storyboard in Resources */,
				E5DDD16F2903F4E300ABFFE0 /* Restaurant.storyboard in Resources */,
				E5DDD1622903EF4900ABFFE0 /* Assets.xcassets in Resources */,
				E5DDD1732903F66200ABFFE0 /* Main.storyboard in Resources */,
			);
			runOnlyForDeploymentPostprocessing = 0;
		};
/* End PBXResourcesBuildPhase section */

/* Begin PBXSourcesBuildPhase section */
		E5DDD1512903EF4700ABFFE0 /* Sources */ = {
			isa = PBXSourcesBuildPhase;
			buildActionMask = 2147483647;
			files = (
				E5DDD1752903FDE300ABFFE0 /* RestaurantViewCell.swift in Sources */,
				E5DDD1772904025E00ABFFE0 /* RestaurantViewModel.swift in Sources */,
				E5DDD17C29041AC000ABFFE0 /* RestaurantDetailViewController.swift in Sources */,
				E590717E2906F0F80076E267 /* NewRestaurantViewController.swift in Sources */,
				E5DDD15D2903EF4700ABFFE0 /* ViewController.swift in Sources */,
				E5DDD17A290402E300ABFFE0 /* Restaurant.swift in Sources */,
				E5DDD1712903F52800ABFFE0 /* RestaurantListViewController.swift in Sources */,
				E5DDD1592903EF4700ABFFE0 /* AppDelegate.swift in Sources */,
				E5DDD15B2903EF4700ABFFE0 /* SceneDelegate.swift in Sources */,
			);
			runOnlyForDeploymentPostprocessing = 0;
		};
/* End PBXSourcesBuildPhase section */

/* Begin PBXVariantGroup section */
		E5DDD1632903EF4900ABFFE0 /* LaunchScreen.storyboard */ = {
			isa = PBXVariantGroup;
			children = (
				E5DDD1642903EF4900ABFFE0 /* Base */,
			);
			name = LaunchScreen.storyboard;
			sourceTree = "<group>";
		};
/* End PBXVariantGroup section */

/* Begin XCBuildConfiguration section */
		E5DDD1672903EF4900ABFFE0 /* Debug */ = {
			isa = XCBuildConfiguration;
			buildSettings = {
				ALWAYS_SEARCH_USER_PATHS = NO;
				CLANG_ANALYZER_NONNULL = YES;
				CLANG_ANALYZER_NUMBER_OBJECT_CONVERSION = YES_AGGRESSIVE;
				CLANG_CXX_LANGUAGE_STANDARD = "gnu++20";
				CLANG_ENABLE_MODULES = YES;
				CLANG_ENABLE_OBJC_ARC = YES;
				CLANG_ENABLE_OBJC_WEAK = YES;
				CLANG_WARN_BLOCK_CAPTURE_AUTORELEASING = YES;
				CLANG_WARN_BOOL_CONVERSION = YES;
				CLANG_WARN_COMMA = YES;
				CLANG_WARN_CONSTANT_CONVERSION = YES;
				CLANG_WARN_DEPRECATED_OBJC_IMPLEMENTATIONS = YES;
				CLANG_WARN_DIRECT_OBJC_ISA_USAGE = YES_ERROR;
				CLANG_WARN_DOCUMENTATION_COMMENTS = YES;
				CLANG_WARN_EMPTY_BODY = YES;
				CLANG_WARN_ENUM_CONVERSION = YES;
				CLANG_WARN_INFINITE_RECURSION = YES;
				CLANG_WARN_INT_CONVERSION = YES;
				CLANG_WARN_NON_LITERAL_NULL_CONVERSION = YES;
				CLANG_WARN_OBJC_IMPLICIT_RETAIN_SELF = YES;
				CLANG_WARN_OBJC_LITERAL_CONVERSION = YES;
				CLANG_WARN_OBJC_ROOT_CLASS = YES_ERROR;
				CLANG_WARN_QUOTED_INCLUDE_IN_FRAMEWORK_HEADER = YES;
				CLANG_WARN_RANGE_LOOP_ANALYSIS = YES;
				CLANG_WARN_STRICT_PROTOTYPES = YES;
				CLANG_WARN_SUSPICIOUS_MOVE = YES;
				CLANG_WARN_UNGUARDED_AVAILABILITY = YES_AGGRESSIVE;
				CLANG_WARN_UNREACHABLE_CODE = YES;
				CLANG_WARN__DUPLICATE_METHOD_MATCH = YES;
				COPY_PHASE_STRIP = NO;
				DEBUG_INFORMATION_FORMAT = dwarf;
				ENABLE_STRICT_OBJC_MSGSEND = YES;
				ENABLE_TESTABILITY = YES;
				GCC_C_LANGUAGE_STANDARD = gnu11;
				GCC_DYNAMIC_NO_PIC = NO;
				GCC_NO_COMMON_BLOCKS = YES;
				GCC_OPTIMIZATION_LEVEL = 0;
				GCC_PREPROCESSOR_DEFINITIONS = (
					"DEBUG=1",
					"$(inherited)",
				);
				GCC_WARN_64_TO_32_BIT_CONVERSION = YES;
				GCC_WARN_ABOUT_RETURN_TYPE = YES_ERROR;
				GCC_WARN_UNDECLARED_SELECTOR = YES;
				GCC_WARN_UNINITIALIZED_AUTOS = YES_AGGRESSIVE;
				GCC_WARN_UNUSED_FUNCTION = YES;
				GCC_WARN_UNUSED_VARIABLE = YES;
				IPHONEOS_DEPLOYMENT_TARGET = 16.0;
				MTL_ENABLE_DEBUG_INFO = INCLUDE_SOURCE;
				MTL_FAST_MATH = YES;
				ONLY_ACTIVE_ARCH = YES;
				SDKROOT = iphoneos;
				SWIFT_ACTIVE_COMPILATION_CONDITIONS = DEBUG;
				SWIFT_OPTIMIZATION_LEVEL = "-Onone";
			};
			name = Debug;
		};
		E5DDD1682903EF4900ABFFE0 /* Release */ = {
			isa = XCBuildConfiguration;
			buildSettings = {
				ALWAYS_SEARCH_USER_PATHS = NO;
				CLANG_ANALYZER_NONNULL = YES;
				CLANG_ANALYZER_NUMBER_OBJECT_CONVERSION = YES_AGGRESSIVE;
				CLANG_CXX_LANGUAGE_STANDARD = "gnu++20";
				CLANG_ENABLE_MODULES = YES;
				CLANG_ENABLE_OBJC_ARC = YES;
				CLANG_ENABLE_OBJC_WEAK = YES;
				CLANG_WARN_BLOCK_CAPTURE_AUTORELEASING = YES;
				CLANG_WARN_BOOL_CONVERSION = YES;
				CLANG_WARN_COMMA = YES;
				CLANG_WARN_CONSTANT_CONVERSION = YES;
				CLANG_WARN_DEPRECATED_OBJC_IMPLEMENTATIONS = YES;
				CLANG_WARN_DIRECT_OBJC_ISA_USAGE = YES_ERROR;
				CLANG_WARN_DOCUMENTATION_COMMENTS = YES;
				CLANG_WARN_EMPTY_BODY = YES;
				CLANG_WARN_ENUM_CONVERSION = YES;
				CLANG_WARN_INFINITE_RECURSION = YES;
				CLANG_WARN_INT_CONVERSION = YES;
				CLANG_WARN_NON_LITERAL_NULL_CONVERSION = YES;
				CLANG_WARN_OBJC_IMPLICIT_RETAIN_SELF = YES;
				CLANG_WARN_OBJC_LITERAL_CONVERSION = YES;
				CLANG_WARN_OBJC_ROOT_CLASS = YES_ERROR;
				CLANG_WARN_QUOTED_INCLUDE_IN_FRAMEWORK_HEADER = YES;
				CLANG_WARN_RANGE_LOOP_ANALYSIS = YES;
				CLANG_WARN_STRICT_PROTOTYPES = YES;
				CLANG_WARN_SUSPICIOUS_MOVE = YES;
				CLANG_WARN_UNGUARDED_AVAILABILITY = YES_AGGRESSIVE;
				CLANG_WARN_UNREACHABLE_CODE = YES;
				CLANG_WARN__DUPLICATE_METHOD_MATCH = YES;
				COPY_PHASE_STRIP = NO;
				DEBUG_INFORMATION_FORMAT = "dwarf-with-dsym";
				ENABLE_NS_ASSERTIONS = NO;
				ENABLE_STRICT_OBJC_MSGSEND = YES;
				GCC_C_LANGUAGE_STANDARD = gnu11;
				GCC_NO_COMMON_BLOCKS = YES;
				GCC_WARN_64_TO_32_BIT_CONVERSION = YES;
				GCC_WARN_ABOUT_RETURN_TYPE = YES_ERROR;
				GCC_WARN_UNDECLARED_SELECTOR = YES;
				GCC_WARN_UNINITIALIZED_AUTOS = YES_AGGRESSIVE;
				GCC_WARN_UNUSED_FUNCTION = YES;
				GCC_WARN_UNUSED_VARIABLE = YES;
				IPHONEOS_DEPLOYMENT_TARGET = 16.0;
				MTL_ENABLE_DEBUG_INFO = NO;
				MTL_FAST_MATH = YES;
				SDKROOT = iphoneos;
				SWIFT_COMPILATION_MODE = wholemodule;
				SWIFT_OPTIMIZATION_LEVEL = "-O";
				VALIDATE_PRODUCT = YES;
			};
			name = Release;
		};
		E5DDD16A2903EF4900ABFFE0 /* Debug */ = {
			isa = XCBuildConfiguration;
			buildSettings = {
				ASSETCATALOG_COMPILER_APPICON_NAME = AppIcon;
				ASSETCATALOG_COMPILER_GLOBAL_ACCENT_COLOR_NAME = AccentColor;
				CODE_SIGN_STYLE = Automatic;
				CURRENT_PROJECT_VERSION = 1;
				DEVELOPMENT_TEAM = 59TX2V2L74;
				GENERATE_INFOPLIST_FILE = YES;
				INFOPLIST_FILE = FoodPin/Info.plist;
				INFOPLIST_KEY_UIApplicationSupportsIndirectInputEvents = YES;
				INFOPLIST_KEY_UILaunchStoryboardName = LaunchScreen;
				INFOPLIST_KEY_UIMainStoryboardFile = Main;
				INFOPLIST_KEY_UISupportedInterfaceOrientations_iPad = "UIInterfaceOrientationPortrait UIInterfaceOrientationPortraitUpsideDown UIInterfaceOrientationLandscapeLeft UIInterfaceOrientationLandscapeRight";
				INFOPLIST_KEY_UISupportedInterfaceOrientations_iPhone = "UIInterfaceOrientationPortrait UIInterfaceOrientationLandscapeLeft UIInterfaceOrientationLandscapeRight";
				LD_RUNPATH_SEARCH_PATHS = (
					"$(inherited)",
					"@executable_path/Frameworks",
				);
				MARKETING_VERSION = 1.0;
				PRODUCT_BUNDLE_IDENTIFIER = com.andirustianto.FoodPin;
				PRODUCT_NAME = "$(TARGET_NAME)";
				SWIFT_EMIT_LOC_STRINGS = YES;
				SWIFT_VERSION = 5.0;
				TARGETED_DEVICE_FAMILY = "1,2";
			};
			name = Debug;
		};
		E5DDD16B2903EF4900ABFFE0 /* Release */ = {
			isa = XCBuildConfiguration;
			buildSettings = {
				ASSETCATALOG_COMPILER_APPICON_NAME = AppIcon;
				ASSETCATALOG_COMPILER_GLOBAL_ACCENT_COLOR_NAME = AccentColor;
				CODE_SIGN_STYLE = Automatic;
				CURRENT_PROJECT_VERSION = 1;
				DEVELOPMENT_TEAM = 59TX2V2L74;
				GENERATE_INFOPLIST_FILE = YES;
				INFOPLIST_FILE = FoodPin/Info.plist;
				INFOPLIST_KEY_UIApplicationSupportsIndirectInputEvents = YES;
				INFOPLIST_KEY_UILaunchStoryboardName = LaunchScreen;
				INFOPLIST_KEY_UIMainStoryboardFile = Main;
				INFOPLIST_KEY_UISupportedInterfaceOrientations_iPad = "UIInterfaceOrientationPortrait UIInterfaceOrientationPortraitUpsideDown UIInterfaceOrientationLandscapeLeft UIInterfaceOrientationLandscapeRight";
				INFOPLIST_KEY_UISupportedInterfaceOrientations_iPhone = "UIInterfaceOrientationPortrait UIInterfaceOrientationLandscapeLeft UIInterfaceOrientationLandscapeRight";
				LD_RUNPATH_SEARCH_PATHS = (
					"$(inherited)",
					"@executable_path/Frameworks",
				);
				MARKETING_VERSION = 1.0;
				PRODUCT_BUNDLE_IDENTIFIER = com.andirustianto.FoodPin;
				PRODUCT_NAME = "$(TARGET_NAME)";
				SWIFT_EMIT_LOC_STRINGS = YES;
				SWIFT_VERSION = 5.0;
				TARGETED_DEVICE_FAMILY = "1,2";
			};
			name = Release;
		};
/* End XCBuildConfiguration section */

/* Begin XCConfigurationList section */
		E5DDD1502903EF4700ABFFE0 /* Build configuration list for PBXProject "FoodPin" */ = {
			isa = XCConfigurationList;
			buildConfigurations = (
				E5DDD1672903EF4900ABFFE0 /* Debug */,
				E5DDD1682903EF4900ABFFE0 /* Release */,
			);
			defaultConfigurationIsVisible = 0;
			defaultConfigurationName = Release;
		};
		E5DDD1692903EF4900ABFFE0 /* Build configuration list for PBXNativeTarget "FoodPin" */ = {
			isa = XCConfigurationList;
			buildConfigurations = (
				E5DDD16A2903EF4900ABFFE0 /* Debug */,
				E5DDD16B2903EF4900ABFFE0 /* Release */,
			);
			defaultConfigurationIsVisible = 0;
			defaultConfigurationName = Release;
		};
/* End XCConfigurationList section */
	};
	rootObject = E5DDD14D2903EF4700ABFFE0 /* Project object */;
}
