// !$*UTF8*$!
{
	archiveVersion = 1;
	classes = {
	};
	objectVersion = 55;
	objects = {

/* Begin PBXBuildFile section */
		E5B5298C28D4B08A00812647 /* AppDelegate.swift in Sources */ = {isa = PBXBuildFile; fileRef = E5B5298B28D4B08A00812647 /* AppDelegate.swift */; };
		E5B5298E28D4B08A00812647 /* SceneDelegate.swift in Sources */ = {isa = PBXBuildFile; fileRef = E5B5298D28D4B08A00812647 /* SceneDelegate.swift */; };
		E5B5299028D4B08A00812647 /* ViewController.swift in Sources */ = {isa = PBXBuildFile; fileRef = E5B5298F28D4B08A00812647 /* ViewController.swift */; };
		E5B5299328D4B08A00812647 /* Main.storyboard in Resources */ = {isa = PBXBuildFile; fileRef = E5B5299128D4B08A00812647 /* Main.storyboard */; };
		E5B5299528D4B08A00812647 /* Assets.xcassets in Resources */ = {isa = PBXBuildFile; fileRef = E5B5299428D4B08A00812647 /* Assets.xcassets */; };
		E5B5299828D4B08A00812647 /* LaunchScreen.storyboard in Resources */ = {isa = PBXBuildFile; fileRef = E5B5299628D4B08A00812647 /* LaunchScreen.storyboard */; };
		E5B529A028D4B1D800812647 /* CoffeeShop.storyboard in Resources */ = {isa = PBXBuildFile; fileRef = E5B5299F28D4B1D800812647 /* CoffeeShop.storyboard */; };
		E5B529A228D4B26F00812647 /* CoffeeShopListViewController.swift in Sources */ = {isa = PBXBuildFile; fileRef = E5B529A128D4B26F00812647 /* CoffeeShopListViewController.swift */; };
		E5B529A428D4BBBC00812647 /* CoffeeShopTableViewCell.swift in Sources */ = {isa = PBXBuildFile; fileRef = E5B529A328D4BBBC00812647 /* CoffeeShopTableViewCell.swift */; };
/* End PBXBuildFile section */

/* Begin PBXFileReference section */
		E5B5298828D4B08A00812647 /* Exercise_TableView.app */ = {isa = PBXFileReference; explicitFileType = wrapper.application; includeInIndex = 0; path = Exercise_TableView.app; sourceTree = BUILT_PRODUCTS_DIR; };
		E5B5298B28D4B08A00812647 /* AppDelegate.swift */ = {isa = PBXFileReference; lastKnownFileType = sourcecode.swift; path = AppDelegate.swift; sourceTree = "<group>"; };
		E5B5298D28D4B08A00812647 /* SceneDelegate.swift */ = {isa = PBXFileReference; lastKnownFileType = sourcecode.swift; path = SceneDelegate.swift; sourceTree = "<group>"; };
		E5B5298F28D4B08A00812647 /* ViewController.swift */ = {isa = PBXFileReference; lastKnownFileType = sourcecode.swift; path = ViewController.swift; sourceTree = "<group>"; };
		E5B5299228D4B08A00812647 /* Base */ = {isa = PBXFileReference; lastKnownFileType = file.storyboard; name = Base; path = Base.lproj/Main.storyboard; sourceTree = "<group>"; };
		E5B5299428D4B08A00812647 /* Assets.xcassets */ = {isa = PBXFileReference; lastKnownFileType = folder.assetcatalog; path = Assets.xcassets; sourceTree = "<group>"; };
		E5B5299728D4B08A00812647 /* Base */ = {isa = PBXFileReference; lastKnownFileType = file.storyboard; name = Base; path = Base.lproj/LaunchScreen.storyboard; sourceTree = "<group>"; };
		E5B5299928D4B08A00812647 /* Info.plist */ = {isa = PBXFileReference; lastKnownFileType = text.plist.xml; path = Info.plist; sourceTree = "<group>"; };
		E5B5299F28D4B1D800812647 /* CoffeeShop.storyboard */ = {isa = PBXFileReference; lastKnownFileType = file.storyboard; path = CoffeeShop.storyboard; sourceTree = "<group>"; };
		E5B529A128D4B26F00812647 /* CoffeeShopListViewController.swift */ = {isa = PBXFileReference; lastKnownFileType = sourcecode.swift; path = CoffeeShopListViewController.swift; sourceTree = "<group>"; };
		E5B529A328D4BBBC00812647 /* CoffeeShopTableViewCell.swift */ = {isa = PBXFileReference; lastKnownFileType = sourcecode.swift; path = CoffeeShopTableViewCell.swift; sourceTree = "<group>"; };
/* End PBXFileReference section */

/* Begin PBXFrameworksBuildPhase section */
		E5B5298528D4B08A00812647 /* Frameworks */ = {
			isa = PBXFrameworksBuildPhase;
			buildActionMask = 2147483647;
			files = (
			);
			runOnlyForDeploymentPostprocessing = 0;
		};
/* End PBXFrameworksBuildPhase section */

/* Begin PBXGroup section */
		E5B5297F28D4B08A00812647 = {
			isa = PBXGroup;
			children = (
				E5B5298A28D4B08A00812647 /* Exercise_TableView */,
				E5B5298928D4B08A00812647 /* Products */,
			);
			sourceTree = "<group>";
		};
		E5B5298928D4B08A00812647 /* Products */ = {
			isa = PBXGroup;
			children = (
				E5B5298828D4B08A00812647 /* Exercise_TableView.app */,
			);
			name = Products;
			sourceTree = "<group>";
		};
		E5B5298A28D4B08A00812647 /* Exercise_TableView */ = {
			isa = PBXGroup;
			children = (
				E5B5298B28D4B08A00812647 /* AppDelegate.swift */,
				E5B5298D28D4B08A00812647 /* SceneDelegate.swift */,
				E5B5298F28D4B08A00812647 /* ViewController.swift */,
				E5B529A128D4B26F00812647 /* CoffeeShopListViewController.swift */,
				E5B5299F28D4B1D800812647 /* CoffeeShop.storyboard */,
				E5B529A328D4BBBC00812647 /* CoffeeShopTableViewCell.swift */,
				E5B5299128D4B08A00812647 /* Main.storyboard */,
				E5B5299428D4B08A00812647 /* Assets.xcassets */,
				E5B5299628D4B08A00812647 /* LaunchScreen.storyboard */,
				E5B5299928D4B08A00812647 /* Info.plist */,
			);
			path = Exercise_TableView;
			sourceTree = "<group>";
		};
/* End PBXGroup section */

/* Begin PBXNativeTarget section */
		E5B5298728D4B08A00812647 /* Exercise_TableView */ = {
			isa = PBXNativeTarget;
			buildConfigurationList = E5B5299C28D4B08A00812647 /* Build configuration list for PBXNativeTarget "Exercise_TableView" */;
			buildPhases = (
				E5B5298428D4B08A00812647 /* Sources */,
				E5B5298528D4B08A00812647 /* Frameworks */,
				E5B5298628D4B08A00812647 /* Resources */,
			);
			buildRules = (
			);
			dependencies = (
			);
			name = Exercise_TableView;
			productName = Exercise_TableView;
			productReference = E5B5298828D4B08A00812647 /* Exercise_TableView.app */;
			productType = "com.apple.product-type.application";
		};
/* End PBXNativeTarget section */

/* Begin PBXProject section */
		E5B5298028D4B08A00812647 /* Project object */ = {
			isa = PBXProject;
			attributes = {
				BuildIndependentTargetsInParallel = 1;
				LastSwiftUpdateCheck = 1310;
				LastUpgradeCheck = 1310;
				TargetAttributes = {
					E5B5298728D4B08A00812647 = {
						CreatedOnToolsVersion = 13.1;
					};
				};
			};
			buildConfigurationList = E5B5298328D4B08A00812647 /* Build configuration list for PBXProject "Exercise_TableView" */;
			compatibilityVersion = "Xcode 13.0";
			developmentRegion = en;
			hasScannedForEncodings = 0;
			knownRegions = (
				en,
				Base,
			);
			mainGroup = E5B5297F28D4B08A00812647;
			productRefGroup = E5B5298928D4B08A00812647 /* Products */;
			projectDirPath = "";
			projectRoot = "";
			targets = (
				E5B5298728D4B08A00812647 /* Exercise_TableView */,
			);
		};
/* End PBXProject section */

/* Begin PBXResourcesBuildPhase section */
		E5B5298628D4B08A00812647 /* Resources */ = {
			isa = PBXResourcesBuildPhase;
			buildActionMask = 2147483647;
			files = (
				E5B5299828D4B08A00812647 /* LaunchScreen.storyboard in Resources */,
				E5B5299528D4B08A00812647 /* Assets.xcassets in Resources */,
				E5B529A028D4B1D800812647 /* CoffeeShop.storyboard in Resources */,
				E5B5299328D4B08A00812647 /* Main.storyboard in Resources */,
			);
			runOnlyForDeploymentPostprocessing = 0;
		};
/* End PBXResourcesBuildPhase section */

/* Begin PBXSourcesBuildPhase section */
		E5B5298428D4B08A00812647 /* Sources */ = {
			isa = PBXSourcesBuildPhase;
			buildActionMask = 2147483647;
			files = (
				E5B5299028D4B08A00812647 /* ViewController.swift in Sources */,
				E5B5298C28D4B08A00812647 /* AppDelegate.swift in Sources */,
				E5B529A228D4B26F00812647 /* CoffeeShopListViewController.swift in Sources */,
				E5B529A428D4BBBC00812647 /* CoffeeShopTableViewCell.swift in Sources */,
				E5B5298E28D4B08A00812647 /* SceneDelegate.swift in Sources */,
			);
			runOnlyForDeploymentPostprocessing = 0;
		};
/* End PBXSourcesBuildPhase section */

/* Begin PBXVariantGroup section */
		E5B5299128D4B08A00812647 /* Main.storyboard */ = {
			isa = PBXVariantGroup;
			children = (
				E5B5299228D4B08A00812647 /* Base */,
			);
			name = Main.storyboard;
			sourceTree = "<group>";
		};
		E5B5299628D4B08A00812647 /* LaunchScreen.storyboard */ = {
			isa = PBXVariantGroup;
			children = (
				E5B5299728D4B08A00812647 /* Base */,
			);
			name = LaunchScreen.storyboard;
			sourceTree = "<group>";
		};
/* End PBXVariantGroup section */

/* Begin XCBuildConfiguration section */
		E5B5299A28D4B08A00812647 /* Debug */ = {
			isa = XCBuildConfiguration;
			buildSettings = {
				ALWAYS_SEARCH_USER_PATHS = NO;
				CLANG_ANALYZER_NONNULL = YES;
				CLANG_ANALYZER_NUMBER_OBJECT_CONVERSION = YES_AGGRESSIVE;
				CLANG_CXX_LANGUAGE_STANDARD = "gnu++17";
				CLANG_CXX_LIBRARY = "libc++";
				CLANG_ENABLE_MODULES = YES;
				CLANG_ENABLE_OBJC_ARC = YES;
				CLANG_ENABLE_OBJC_WEAK = YES;
				CLANG_WARN_BLOCK_CAPTURE_AUTORELEASING = YES;
				CLANG_WARN_BOOL_CONVERSION = YES;
				CLANG_WARN_COMMA = YES;
				CLANG_WARN_CONSTANT_CONVERSION = YES;
				CLANG_WARN_DEPRECATED_OBJC_IMPLEMENTATIONS = YES;
				CLANG_WARN_DIRECT_OBJC_ISA_USAGE = YES_ERROR;
				CLANG_WARN_DOCUMENTATION_COMMENTS = YES;
				CLANG_WARN_EMPTY_BODY = YES;
				CLANG_WARN_ENUM_CONVERSION = YES;
				CLANG_WARN_INFINITE_RECURSION = YES;
				CLANG_WARN_INT_CONVERSION = YES;
				CLANG_WARN_NON_LITERAL_NULL_CONVERSION = YES;
				CLANG_WARN_OBJC_IMPLICIT_RETAIN_SELF = YES;
				CLANG_WARN_OBJC_LITERAL_CONVERSION = YES;
				CLANG_WARN_OBJC_ROOT_CLASS = YES_ERROR;
				CLANG_WARN_QUOTED_INCLUDE_IN_FRAMEWORK_HEADER = YES;
				CLANG_WARN_RANGE_LOOP_ANALYSIS = YES;
				CLANG_WARN_STRICT_PROTOTYPES = YES;
				CLANG_WARN_SUSPICIOUS_MOVE = YES;
				CLANG_WARN_UNGUARDED_AVAILABILITY = YES_AGGRESSIVE;
				CLANG_WARN_UNREACHABLE_CODE = YES;
				CLANG_WARN__DUPLICATE_METHOD_MATCH = YES;
				COPY_PHASE_STRIP = NO;
				DEBUG_INFORMATION_FORMAT = dwarf;
				ENABLE_STRICT_OBJC_MSGSEND = YES;
				ENABLE_TESTABILITY = YES;
				GCC_C_LANGUAGE_STANDARD = gnu11;
				GCC_DYNAMIC_NO_PIC = NO;
				GCC_NO_COMMON_BLOCKS = YES;
				GCC_OPTIMIZATION_LEVEL = 0;
				GCC_PREPROCESSOR_DEFINITIONS = (
					"DEBUG=1",
					"$(inherited)",
				);
				GCC_WARN_64_TO_32_BIT_CONVERSION = YES;
				GCC_WARN_ABOUT_RETURN_TYPE = YES_ERROR;
				GCC_WARN_UNDECLARED_SELECTOR = YES;
				GCC_WARN_UNINITIALIZED_AUTOS = YES_AGGRESSIVE;
				GCC_WARN_UNUSED_FUNCTION = YES;
				GCC_WARN_UNUSED_VARIABLE = YES;
				IPHONEOS_DEPLOYMENT_TARGET = 15.0;
				MTL_ENABLE_DEBUG_INFO = INCLUDE_SOURCE;
				MTL_FAST_MATH = YES;
				ONLY_ACTIVE_ARCH = YES;
				SDKROOT = iphoneos;
				SWIFT_ACTIVE_COMPILATION_CONDITIONS = DEBUG;
				SWIFT_OPTIMIZATION_LEVEL = "-Onone";
			};
			name = Debug;
		};
		E5B5299B28D4B08A00812647 /* Release */ = {
			isa = XCBuildConfiguration;
			buildSettings = {
				ALWAYS_SEARCH_USER_PATHS = NO;
				CLANG_ANALYZER_NONNULL = YES;
				CLANG_ANALYZER_NUMBER_OBJECT_CONVERSION = YES_AGGRESSIVE;
				CLANG_CXX_LANGUAGE_STANDARD = "gnu++17";
				CLANG_CXX_LIBRARY = "libc++";
				CLANG_ENABLE_MODULES = YES;
				CLANG_ENABLE_OBJC_ARC = YES;
				CLANG_ENABLE_OBJC_WEAK = YES;
				CLANG_WARN_BLOCK_CAPTURE_AUTORELEASING = YES;
				CLANG_WARN_BOOL_CONVERSION = YES;
				CLANG_WARN_COMMA = YES;
				CLANG_WARN_CONSTANT_CONVERSION = YES;
				CLANG_WARN_DEPRECATED_OBJC_IMPLEMENTATIONS = YES;
				CLANG_WARN_DIRECT_OBJC_ISA_USAGE = YES_ERROR;
				CLANG_WARN_DOCUMENTATION_COMMENTS = YES;
				CLANG_WARN_EMPTY_BODY = YES;
				CLANG_WARN_ENUM_CONVERSION = YES;
				CLANG_WARN_INFINITE_RECURSION = YES;
				CLANG_WARN_INT_CONVERSION = YES;
				CLANG_WARN_NON_LITERAL_NULL_CONVERSION = YES;
				CLANG_WARN_OBJC_IMPLICIT_RETAIN_SELF = YES;
				CLANG_WARN_OBJC_LITERAL_CONVERSION = YES;
				CLANG_WARN_OBJC_ROOT_CLASS = YES_ERROR;
				CLANG_WARN_QUOTED_INCLUDE_IN_FRAMEWORK_HEADER = YES;
				CLANG_WARN_RANGE_LOOP_ANALYSIS = YES;
				CLANG_WARN_STRICT_PROTOTYPES = YES;
				CLANG_WARN_SUSPICIOUS_MOVE = YES;
				CLANG_WARN_UNGUARDED_AVAILABILITY = YES_AGGRESSIVE;
				CLANG_WARN_UNREACHABLE_CODE = YES;
				CLANG_WARN__DUPLICATE_METHOD_MATCH = YES;
				COPY_PHASE_STRIP = NO;
				DEBUG_INFORMATION_FORMAT = "dwarf-with-dsym";
				ENABLE_NS_ASSERTIONS = NO;
				ENABLE_STRICT_OBJC_MSGSEND = YES;
				GCC_C_LANGUAGE_STANDARD = gnu11;
				GCC_NO_COMMON_BLOCKS = YES;
				GCC_WARN_64_TO_32_BIT_CONVERSION = YES;
				GCC_WARN_ABOUT_RETURN_TYPE = YES_ERROR;
				GCC_WARN_UNDECLARED_SELECTOR = YES;
				GCC_WARN_UNINITIALIZED_AUTOS = YES_AGGRESSIVE;
				GCC_WARN_UNUSED_FUNCTION = YES;
				GCC_WARN_UNUSED_VARIABLE = YES;
				IPHONEOS_DEPLOYMENT_TARGET = 15.0;
				MTL_ENABLE_DEBUG_INFO = NO;
				MTL_FAST_MATH = YES;
				SDKROOT = iphoneos;
				SWIFT_COMPILATION_MODE = wholemodule;
				SWIFT_OPTIMIZATION_LEVEL = "-O";
				VALIDATE_PRODUCT = YES;
			};
			name = Release;
		};
		E5B5299D28D4B08A00812647 /* Debug */ = {
			isa = XCBuildConfiguration;
			buildSettings = {
				ASSETCATALOG_COMPILER_APPICON_NAME = AppIcon;
				ASSETCATALOG_COMPILER_GLOBAL_ACCENT_COLOR_NAME = AccentColor;
				CODE_SIGN_STYLE = Automatic;
				CURRENT_PROJECT_VERSION = 1;
				DEVELOPMENT_TEAM = 59TX2V2L74;
				GENERATE_INFOPLIST_FILE = YES;
				INFOPLIST_FILE = Exercise_TableView/Info.plist;
				INFOPLIST_KEY_UIApplicationSupportsIndirectInputEvents = YES;
				INFOPLIST_KEY_UILaunchStoryboardName = LaunchScreen;
				INFOPLIST_KEY_UIMainStoryboardFile = Main;
				INFOPLIST_KEY_UISupportedInterfaceOrientations_iPad = "UIInterfaceOrientationPortrait UIInterfaceOrientationPortraitUpsideDown UIInterfaceOrientationLandscapeLeft UIInterfaceOrientationLandscapeRight";
				INFOPLIST_KEY_UISupportedInterfaceOrientations_iPhone = "UIInterfaceOrientationPortrait UIInterfaceOrientationLandscapeLeft UIInterfaceOrientationLandscapeRight";
				LD_RUNPATH_SEARCH_PATHS = (
					"$(inherited)",
					"@executable_path/Frameworks",
				);
				MARKETING_VERSION = 1.0;
				PRODUCT_BUNDLE_IDENTIFIER = "com.andirustianto.Exercise-TableView";
				PRODUCT_NAME = "$(TARGET_NAME)";
				SWIFT_EMIT_LOC_STRINGS = YES;
				SWIFT_VERSION = 5.0;
				TARGETED_DEVICE_FAMILY = "1,2";
			};
			name = Debug;
		};
		E5B5299E28D4B08A00812647 /* Release */ = {
			isa = XCBuildConfiguration;
			buildSettings = {
				ASSETCATALOG_COMPILER_APPICON_NAME = AppIcon;
				ASSETCATALOG_COMPILER_GLOBAL_ACCENT_COLOR_NAME = AccentColor;
				CODE_SIGN_STYLE = Automatic;
				CURRENT_PROJECT_VERSION = 1;
				DEVELOPMENT_TEAM = 59TX2V2L74;
				GENERATE_INFOPLIST_FILE = YES;
				INFOPLIST_FILE = Exercise_TableView/Info.plist;
				INFOPLIST_KEY_UIApplicationSupportsIndirectInputEvents = YES;
				INFOPLIST_KEY_UILaunchStoryboardName = LaunchScreen;
				INFOPLIST_KEY_UIMainStoryboardFile = Main;
				INFOPLIST_KEY_UISupportedInterfaceOrientations_iPad = "UIInterfaceOrientationPortrait UIInterfaceOrientationPortraitUpsideDown UIInterfaceOrientationLandscapeLeft UIInterfaceOrientationLandscapeRight";
				INFOPLIST_KEY_UISupportedInterfaceOrientations_iPhone = "UIInterfaceOrientationPortrait UIInterfaceOrientationLandscapeLeft UIInterfaceOrientationLandscapeRight";
				LD_RUNPATH_SEARCH_PATHS = (
					"$(inherited)",
					"@executable_path/Frameworks",
				);
				MARKETING_VERSION = 1.0;
				PRODUCT_BUNDLE_IDENTIFIER = "com.andirustianto.Exercise-TableView";
				PRODUCT_NAME = "$(TARGET_NAME)";
				SWIFT_EMIT_LOC_STRINGS = YES;
				SWIFT_VERSION = 5.0;
				TARGETED_DEVICE_FAMILY = "1,2";
			};
			name = Release;
		};
/* End XCBuildConfiguration section */

/* Begin XCConfigurationList section */
		E5B5298328D4B08A00812647 /* Build configuration list for PBXProject "Exercise_TableView" */ = {
			isa = XCConfigurationList;
			buildConfigurations = (
				E5B5299A28D4B08A00812647 /* Debug */,
				E5B5299B28D4B08A00812647 /* Release */,
			);
			defaultConfigurationIsVisible = 0;
			defaultConfigurationName = Release;
		};
		E5B5299C28D4B08A00812647 /* Build configuration list for PBXNativeTarget "Exercise_TableView" */ = {
			isa = XCConfigurationList;
			buildConfigurations = (
				E5B5299D28D4B08A00812647 /* Debug */,
				E5B5299E28D4B08A00812647 /* Release */,
			);
			defaultConfigurationIsVisible = 0;
			defaultConfigurationName = Release;
		};
/* End XCConfigurationList section */
	};
	rootObject = E5B5298028D4B08A00812647 /* Project object */;
}
